
Microsoft Visual Studio Solution File, Format Version 12.00
# Visual Studio Version 17
VisualStudioVersion = 17.12.35527.113 d17.12
MinimumVisualStudioVersion = 10.0.40219.1
Project("{FAE04EC0-301F-11D3-BF4B-00C04F79EFBC}") = "eAppointmentServer.Domain", "eAppointment.Domain\eAppointmentServer.Domain.csproj", "{A284A97C-2514-4A0D-8F89-FC8904E84F97}"
EndProject
Project("{FAE04EC0-301F-11D3-BF4B-00C04F79EFBC}") = "eAppointmentServer.Application", "eAppointmentServer.Application\eAppointmentServer.Application.csproj", "{7A11CB66-5C56-4B23-872A-761141C0AE71}"
EndProject
Project("{FAE04EC0-301F-11D3-BF4B-00C04F79EFBC}") = "eAppointmentServer.Infrastructure", "eAppointmentServer.Infrastructure\eAppointmentServer.Infrastructure.csproj", "{44DBC3DB-332D-42D8-B40D-372A324812B8}"
EndProject
Project("{FAE04EC0-301F-11D3-BF4B-00C04F79EFBC}") = "eAppointmentServer.WebAPI", "eAppointmentServer.WebAPI\eAppointmentServer.WebAPI.csproj", "{A0689298-1952-4D06-83F1-B40A63109695}"
EndProject
Global
	GlobalSection(SolutionConfigurationPlatforms) = preSolution
		Debug|Any CPU = Debug|Any CPU
		Release|Any CPU = Release|Any CPU
	EndGlobalSection
	GlobalSection(ProjectConfigurationPlatforms) = postSolution
		{A284A97C-2514-4A0D-8F89-FC8904E84F97}.Debug|Any CPU.ActiveCfg = Debug|Any CPU
		{A284A97C-2514-4A0D-8F89-FC8904E84F97}.Debug|Any CPU.Build.0 = Debug|Any CPU
		{A284A97C-2514-4A0D-8F89-FC8904E84F97}.Release|Any CPU.ActiveCfg = Release|Any CPU
		{A284A97C-2514-4A0D-8F89-FC8904E84F97}.Release|Any CPU.Build.0 = Release|Any CPU
		{7A11CB66-5C56-4B23-872A-761141C0AE71}.Debug|Any CPU.ActiveCfg = Debug|Any CPU
		{7A11CB66-5C56-4B23-872A-761141C0AE71}.Debug|Any CPU.Build.0 = Debug|Any CPU
		{7A11CB66-5C56-4B23-872A-761141C0AE71}.Release|Any CPU.ActiveCfg = Release|Any CPU
		{7A11CB66-5C56-4B23-872A-761141C0AE71}.Release|Any CPU.Build.0 = Release|Any CPU
		{44DBC3DB-332D-42D8-B40D-372A324812B8}.Debug|Any CPU.ActiveCfg = Debug|Any CPU
		{44DBC3DB-332D-42D8-B40D-372A324812B8}.Debug|Any CPU.Build.0 = Debug|Any CPU
		{44DBC3DB-332D-42D8-B40D-372A324812B8}.Release|Any CPU.ActiveCfg = Release|Any CPU
		{44DBC3DB-332D-42D8-B40D-372A324812B8}.Release|Any CPU.Build.0 = Release|Any CPU
		{A0689298-1952-4D06-83F1-B40A63109695}.Debug|Any CPU.ActiveCfg = Debug|Any CPU
		{A0689298-1952-4D06-83F1-B40A63109695}.Debug|Any CPU.Build.0 = Debug|Any CPU
		{A0689298-1952-4D06-83F1-B40A63109695}.Release|Any CPU.ActiveCfg = Release|Any CPU
		{A0689298-1952-4D06-83F1-B40A63109695}.Release|Any CPU.Build.0 = Release|Any CPU
	EndGlobalSection
	GlobalSection(SolutionProperties) = preSolution
		HideSolutionNode = FALSE
	EndGlobalSection
EndGlobal
